Microsoft Visual Studio Solution File, Format Version 12.00
# Visual Studio Version 17
VisualStudioVersion = 17.5.2.0
MinimumVisualStudioVersion = 10.0.40219.1
Project("{FAE04EC0-301F-11D3-BF4B-00C04F79EFBC}") = "01_WebApi_01_Auth", "01_WebApi_01_Auth.csproj", "{201B92E2-F098-5402-43E3-D8E080D3921A}"
EndProject
Global
	GlobalSection(SolutionConfigurationPlatforms) = preSolution
		Debug|Any CPU = Debug|Any CPU
		Release|Any CPU = Release|Any CPU
	EndGlobalSection
	GlobalSection(ProjectConfigurationPlatforms) = postSolution
		{201B92E2-F098-5402-43E3-D8E080D3921A}.Debug|Any CPU.ActiveCfg = Debug|Any CPU
		{201B92E2-F098-5402-43E3-D8E080D3921A}.Debug|Any CPU.Build.0 = Debug|Any CPU
		{201B92E2-F098-5402-43E3-D8E080D3921A}.Release|Any CPU.ActiveCfg = Release|Any CPU
		{201B92E2-F098-5402-43E3-D8E080D3921A}.Release|Any CPU.Build.0 = Release|Any CPU
	EndGlobalSection
	GlobalSection(SolutionProperties) = preSolution
		HideSolutionNode = FALSE
	EndGlobalSection
	GlobalSection(ExtensibilityGlobals) = postSolution
		SolutionGuid = {8E317D4C-F8B8-4E38-A9A4-F3C51CC3F250}
	EndGlobalSection
EndGlobal
